// !$*UTF8*$!
{
	archiveVersion = 1;
	classes = {
	};
	objectVersion = 46;
	objects = {

/* Begin PBXBuildFile section */
		000BFA9B1847393B006FB821 /* UIKit.framework in Frameworks */ = {isa = PBXBuildFile; fileRef = 000BFA9A1847393B006FB821 /* UIKit.framework */; };
		000BFA9D1847393B006FB821 /* Foundation.framework in Frameworks */ = {isa = PBXBuildFile; fileRef = 000BFA9C1847393B006FB821 /* Foundation.framework */; };
		000BFA9F1847393B006FB821 /* CoreGraphics.framework in Frameworks */ = {isa = PBXBuildFile; fileRef = 000BFA9E1847393B006FB821 /* CoreGraphics.framework */; };
		000BFAA51847393B006FB821 /* InfoPlist.strings in Resources */ = {isa = PBXBuildFile; fileRef = 000BFAA31847393B006FB821 /* InfoPlist.strings */; };
		000BFAA71847393B006FB821 /* main.m in Sources */ = {isa = PBXBuildFile; fileRef = 000BFAA61847393B006FB821 /* main.m */; };
		000BFAAB1847393B006FB821 /* BIDAppDelegate.m in Sources */ = {isa = PBXBuildFile; fileRef = 000BFAAA1847393B006FB821 /* BIDAppDelegate.m */; };
		007F7FEA184838C30005F0D2 /* BlueView.xib in Resources */ = {isa = PBXBuildFile; fileRef = 007F7FE9184838C30005F0D2 /* BlueView.xib */; };
		00C5063918482C0D00670FF1 /* BIDSwitchViewController.m in Sources */ = {isa = PBXBuildFile; fileRef = 00C5063818482C0D00670FF1 /* BIDSwitchViewController.m */; };
		00C5063C18482C5800670FF1 /* SwitchView.xib in Resources */ = {isa = PBXBuildFile; fileRef = 00C5063B18482C5800670FF1 /* SwitchView.xib */; };
		00C5063E18482C8400670FF1 /* YellowView.xib in Resources */ = {isa = PBXBuildFile; fileRef = 00C5063D18482C8400670FF1 /* YellowView.xib */; };
		00C506431848359F00670FF1 /* BIDBlueViewController.m in Sources */ = {isa = PBXBuildFile; fileRef = 00C506421848359F00670FF1 /* BIDBlueViewController.m */; };
		00C50646184835AE00670FF1 /* BIDYellowViewController.m in Sources */ = {isa = PBXBuildFile; fileRef = 00C50645184835AE00670FF1 /* BIDYellowViewController.m */; };
/* End PBXBuildFile section */

/* Begin PBXFileReference section */
		000BFA961847393B006FB821 /* View Switcher.app */ = {isa = PBXFileReference; explicitFileType = wrapper.application; includeInIndex = 0; path = "View Switcher.app"; sourceTree = BUILT_PRODUCTS_DIR; };
		000BFA9A1847393B006FB821 /* UIKit.framework */ = {isa = PBXFileReference; lastKnownFileType = wrapper.framework; name = UIKit.framework; path = System/Library/Frameworks/UIKit.framework; sourceTree = SDKROOT; };
		000BFA9C1847393B006FB821 /* Foundation.framework */ = {isa = PBXFileReference; lastKnownFileType = wrapper.framework; name = Foundation.framework; path = System/Library/Frameworks/Foundation.framework; sourceTree = SDKROOT; };
		000BFA9E1847393B006FB821 /* CoreGraphics.framework */ = {isa = PBXFileReference; lastKnownFileType = wrapper.framework; name = CoreGraphics.framework; path = System/Library/Frameworks/CoreGraphics.framework; sourceTree = SDKROOT; };
		000BFAA21847393B006FB821 /* View Switcher-Info.plist */ = {isa = PBXFileReference; lastKnownFileType = text.plist.xml; path = "View Switcher-Info.plist"; sourceTree = "<group>"; };
		000BFAA41847393B006FB821 /* en */ = {isa = PBXFileReference; lastKnownFileType = text.plist.strings; name = en; path = en.lproj/InfoPlist.strings; sourceTree = "<group>"; };
		000BFAA61847393B006FB821 /* main.m */ = {isa = PBXFileReference; lastKnownFileType = sourcecode.c.objc; path = main.m; sourceTree = "<group>"; };
		000BFAA81847393B006FB821 /* View Switcher-Prefix.pch */ = {isa = PBXFileReference; lastKnownFileType = sourcecode.c.h; path = "View Switcher-Prefix.pch"; sourceTree = "<group>"; };
		000BFAA91847393B006FB821 /* BIDAppDelegate.h */ = {isa = PBXFileReference; lastKnownFileType = sourcecode.c.h; path = BIDAppDelegate.h; sourceTree = "<group>"; };
		000BFAAA1847393B006FB821 /* BIDAppDelegate.m */ = {isa = PBXFileReference; lastKnownFileType = sourcecode.c.objc; path = BIDAppDelegate.m; sourceTree = "<group>"; };
		007F7FE9184838C30005F0D2 /* BlueView.xib */ = {isa = PBXFileReference; fileEncoding = 4; lastKnownFileType = file.xib; path = BlueView.xib; sourceTree = "<group>"; };
		00C5063718482C0D00670FF1 /* BIDSwitchViewController.h */ = {isa = PBXFileReference; fileEncoding = 4; lastKnownFileType = sourcecode.c.h; path = BIDSwitchViewController.h; sourceTree = "<group>"; };
		00C5063818482C0D00670FF1 /* BIDSwitchViewController.m */ = {isa = PBXFileReference; fileEncoding = 4; lastKnownFileType = sourcecode.c.objc; path = BIDSwitchViewController.m; sourceTree = "<group>"; };
		00C5063B18482C5800670FF1 /* SwitchView.xib */ = {isa = PBXFileReference; fileEncoding = 4; lastKnownFileType = file.xib; path = SwitchView.xib; sourceTree = "<group>"; };
		00C5063D18482C8400670FF1 /* YellowView.xib */ = {isa = PBXFileReference; fileEncoding = 4; lastKnownFileType = file.xib; path = YellowView.xib; sourceTree = "<group>"; };
		00C506411848359F00670FF1 /* BIDBlueViewController.h */ = {isa = PBXFileReference; fileEncoding = 4; lastKnownFileType = sourcecode.c.h; path = BIDBlueViewController.h; sourceTree = "<group>"; };
		00C506421848359F00670FF1 /* BIDBlueViewController.m */ = {isa = PBXFileReference; fileEncoding = 4; lastKnownFileType = sourcecode.c.objc; path = BIDBlueViewController.m; sourceTree = "<group>"; };
		00C50644184835AE00670FF1 /* BIDYellowViewController.h */ = {isa = PBXFileReference; fileEncoding = 4; lastKnownFileType = sourcecode.c.h; path = BIDYellowViewController.h; sourceTree = "<group>"; };
		00C50645184835AE00670FF1 /* BIDYellowViewController.m */ = {isa = PBXFileReference; fileEncoding = 4; lastKnownFileType = sourcecode.c.objc; path = BIDYellowViewController.m; sourceTree = "<group>"; };
/* End PBXFileReference section */

/* Begin PBXFrameworksBuildPhase section */
		000BFA931847393B006FB821 /* Frameworks */ = {
			isa = PBXFrameworksBuildPhase;
			buildActionMask = 2147483647;
			files = (
				000BFA9B1847393B006FB821 /* UIKit.framework in Frameworks */,
				000BFA9D1847393B006FB821 /* Foundation.framework in Frameworks */,
				000BFA9F1847393B006FB821 /* CoreGraphics.framework in Frameworks */,
			);
			runOnlyForDeploymentPostprocessing = 0;
		};
/* End PBXFrameworksBuildPhase section */

/* Begin PBXGroup section */
		000BFA8B1847393B006FB821 = {
			isa = PBXGroup;
			children = (
				000BFAA01847393B006FB821 /* View Switcher */,
				000BFA991847393B006FB821 /* Frameworks */,
				000BFA971847393B006FB821 /* Products */,
			);
			sourceTree = "<group>";
		};
		000BFA971847393B006FB821 /* Products */ = {
			isa = PBXGroup;
			children = (
				000BFA961847393B006FB821 /* View Switcher.app */,
			);
			name = Products;
			sourceTree = "<group>";
		};
		000BFA991847393B006FB821 /* Frameworks */ = {
			isa = PBXGroup;
			children = (
				000BFA9A1847393B006FB821 /* UIKit.framework */,
				000BFA9C1847393B006FB821 /* Foundation.framework */,
				000BFA9E1847393B006FB821 /* CoreGraphics.framework */,
			);
			name = Frameworks;
			sourceTree = "<group>";
		};
		000BFAA01847393B006FB821 /* View Switcher */ = {
			isa = PBXGroup;
			children = (
				000BFAA91847393B006FB821 /* BIDAppDelegate.h */,
				000BFAAA1847393B006FB821 /* BIDAppDelegate.m */,
				000BFAA11847393B006FB821 /* Supporting Files */,
				00C5063B18482C5800670FF1 /* SwitchView.xib */,
				00C50644184835AE00670FF1 /* BIDYellowViewController.h */,
				00C50645184835AE00670FF1 /* BIDYellowViewController.m */,
				00C506411848359F00670FF1 /* BIDBlueViewController.h */,
				00C506421848359F00670FF1 /* BIDBlueViewController.m */,
				00C5063D18482C8400670FF1 /* YellowView.xib */,
				00C5063718482C0D00670FF1 /* BIDSwitchViewController.h */,
				00C5063818482C0D00670FF1 /* BIDSwitchViewController.m */,
				007F7FE9184838C30005F0D2 /* BlueView.xib */,
			);
			path = "View Switcher";
			sourceTree = "<group>";
		};
		000BFAA11847393B006FB821 /* Supporting Files */ = {
			isa = PBXGroup;
			children = (
				000BFAA21847393B006FB821 /* View Switcher-Info.plist */,
				000BFAA31847393B006FB821 /* InfoPlist.strings */,
				000BFAA61847393B006FB821 /* main.m */,
				000BFAA81847393B006FB821 /* View Switcher-Prefix.pch */,
			);
			name = "Supporting Files";
			sourceTree = "<group>";
		};
/* End PBXGroup section */

/* Begin PBXNativeTarget section */
		000BFA951847393B006FB821 /* View Switcher */ = {
			isa = PBXNativeTarget;
			buildConfigurationList = 000BFAAE1847393B006FB821 /* Build configuration list for PBXNativeTarget "View Switcher" */;
			buildPhases = (
				000BFA921847393B006FB821 /* Sources */,
				000BFA931847393B006FB821 /* Frameworks */,
				000BFA941847393B006FB821 /* Resources */,
			);
			buildRules = (
			);
			dependencies = (
			);
			name = "View Switcher";
			productName = "View Switcher";
			productReference = 000BFA961847393B006FB821 /* View Switcher.app */;
			productType = "com.apple.product-type.application";
		};
/* End PBXNativeTarget section */

/* Begin PBXProject section */
		000BFA8D1847393B006FB821 /* Project object */ = {
			isa = PBXProject;
			attributes = {
				LastUpgradeCheck = 0420;
			};
			buildConfigurationList = 000BFA901847393B006FB821 /* Build configuration list for PBXProject "View Switcher" */;
			compatibilityVersion = "Xcode 3.2";
			developmentRegion = English;
			hasScannedForEncodings = 0;
			knownRegions = (
				en,
			);
			mainGroup = 000BFA8B1847393B006FB821;
			productRefGroup = 000BFA971847393B006FB821 /* Products */;
			projectDirPath = "";
			projectRoot = "";
			targets = (
				000BFA951847393B006FB821 /* View Switcher */,
			);
		};
/* End PBXProject section */

/* Begin PBXResourcesBuildPhase section */
		000BFA941847393B006FB821 /* Resources */ = {
			isa = PBXResourcesBuildPhase;
			buildActionMask = 2147483647;
			files = (
				000BFAA51847393B006FB821 /* InfoPlist.strings in Resources */,
				00C5063C18482C5800670FF1 /* SwitchView.xib in Resources */,
				00C5063E18482C8400670FF1 /* YellowView.xib in Resources */,
				007F7FEA184838C30005F0D2 /* BlueView.xib in Resources */,
			);
			runOnlyForDeploymentPostprocessing = 0;
		};
/* End PBXResourcesBuildPhase section */

/* Begin PBXSourcesBuildPhase section */
		000BFA921847393B006FB821 /* Sources */ = {
			isa = PBXSourcesBuildPhase;
			buildActionMask = 2147483647;
			files = (
				000BFAA71847393B006FB821 /* main.m in Sources */,
				000BFAAB1847393B006FB821 /* BIDAppDelegate.m in Sources */,
				00C5063918482C0D00670FF1 /* BIDSwitchViewController.m in Sources */,
				00C506431848359F00670FF1 /* BIDBlueViewController.m in Sources */,
				00C50646184835AE00670FF1 /* BIDYellowViewController.m in Sources */,
			);
			runOnlyForDeploymentPostprocessing = 0;
		};
/* End PBXSourcesBuildPhase section */

/* Begin PBXVariantGroup section */
		000BFAA31847393B006FB821 /* InfoPlist.strings */ = {
			isa = PBXVariantGroup;
			children = (
				000BFAA41847393B006FB821 /* en */,
			);
			name = InfoPlist.strings;
			sourceTree = "<group>";
		};
/* End PBXVariantGroup section */

/* Begin XCBuildConfiguration section */
		000BFAAC1847393B006FB821 /* Debug */ = {
			isa = XCBuildConfiguration;
			buildSettings = {
				ALWAYS_SEARCH_USER_PATHS = NO;
				ARCHS = "$(ARCHS_STANDARD_32_BIT)";
				CLANG_ENABLE_OBJC_ARC = YES;
				"CODE_SIGN_IDENTITY[sdk=iphoneos*]" = "iPhone Developer";
				COPY_PHASE_STRIP = NO;
				GCC_C_LANGUAGE_STANDARD = gnu99;
				GCC_DYNAMIC_NO_PIC = NO;
				GCC_OPTIMIZATION_LEVEL = 0;
				GCC_PREPROCESSOR_DEFINITIONS = (
					"DEBUG=1",
					"$(inherited)",
				);
				GCC_SYMBOLS_PRIVATE_EXTERN = NO;
				GCC_VERSION = com.apple.compilers.llvm.clang.1_0;
				GCC_WARN_ABOUT_MISSING_PROTOTYPES = YES;
				GCC_WARN_ABOUT_RETURN_TYPE = YES;
				GCC_WARN_UNUSED_VARIABLE = YES;
				IPHONEOS_DEPLOYMENT_TARGET = 5.0;
				SDKROOT = iphoneos;
			};
			name = Debug;
		};
		000BFAAD1847393B006FB821 /* Release */ = {
			isa = XCBuildConfiguration;
			buildSettings = {
				ALWAYS_SEARCH_USER_PATHS = NO;
				ARCHS = "$(ARCHS_STANDARD_32_BIT)";
				CLANG_ENABLE_OBJC_ARC = YES;
				"CODE_SIGN_IDENTITY[sdk=iphoneos*]" = "iPhone Developer";
				COPY_PHASE_STRIP = YES;
				GCC_C_LANGUAGE_STANDARD = gnu99;
				GCC_VERSION = com.apple.compilers.llvm.clang.1_0;
				GCC_WARN_ABOUT_MISSING_PROTOTYPES = YES;
				GCC_WARN_ABOUT_RETURN_TYPE = YES;
				GCC_WARN_UNUSED_VARIABLE = YES;
				IPHONEOS_DEPLOYMENT_TARGET = 5.0;
				OTHER_CFLAGS = "-DNS_BLOCK_ASSERTIONS=1";
				SDKROOT = iphoneos;
				VALIDATE_PRODUCT = YES;
			};
			name = Release;
		};
		000BFAAF1847393B006FB821 /* Debug */ = {
			isa = XCBuildConfiguration;
			buildSettings = {
				GCC_PRECOMPILE_PREFIX_HEADER = YES;
				GCC_PREFIX_HEADER = "View Switcher/View Switcher-Prefix.pch";
				INFOPLIST_FILE = "View Switcher/View Switcher-Info.plist";
				PRODUCT_NAME = "$(TARGET_NAME)";
				WRAPPER_EXTENSION = app;
			};
			name = Debug;
		};
		000BFAB01847393B006FB821 /* Release */ = {
			isa = XCBuildConfiguration;
			buildSettings = {
				GCC_PRECOMPILE_PREFIX_HEADER = YES;
				GCC_PREFIX_HEADER = "View Switcher/View Switcher-Prefix.pch";
				INFOPLIST_FILE = "View Switcher/View Switcher-Info.plist";
				PRODUCT_NAME = "$(TARGET_NAME)";
				WRAPPER_EXTENSION = app;
			};
			name = Release;
		};
/* End XCBuildConfiguration section */

/* Begin XCConfigurationList section */
		000BFA901847393B006FB821 /* Build configuration list for PBXProject "View Switcher" */ = {
			isa = XCConfigurationList;
			buildConfigurations = (
				000BFAAC1847393B006FB821 /* Debug */,
				000BFAAD1847393B006FB821 /* Release */,
			);
			defaultConfigurationIsVisible = 0;
			defaultConfigurationName = Release;
		};
		000BFAAE1847393B006FB821 /* Build configuration list for PBXNativeTarget "View Switcher" */ = {
			isa = XCConfigurationList;
			buildConfigurations = (
				000BFAAF1847393B006FB821 /* Debug */,
				000BFAB01847393B006FB821 /* Release */,
			);
			defaultConfigurationIsVisible = 0;
			defaultConfigurationName = Release;
		};
/* End XCConfigurationList section */
	};
	rootObject = 000BFA8D1847393B006FB821 /* Project object */;
}
