// !$*UTF8*$!
{
	archiveVersion = 1;
	classes = {
	};
	objectVersion = 46;
	objects = {

/* Begin PBXBuildFile section */
		000BFA70184738C3006FB821 /* UIKit.framework in Frameworks */ = {isa = PBXBuildFile; fileRef = 000BFA6F184738C3006FB821 /* UIKit.framework */; };
		000BFA72184738C3006FB821 /* Foundation.framework in Frameworks */ = {isa = PBXBuildFile; fileRef = 000BFA71184738C3006FB821 /* Foundation.framework */; };
		000BFA74184738C3006FB821 /* CoreGraphics.framework in Frameworks */ = {isa = PBXBuildFile; fileRef = 000BFA73184738C3006FB821 /* CoreGraphics.framework */; };
		000BFA76184738C3006FB821 /* CoreData.framework in Frameworks */ = {isa = PBXBuildFile; fileRef = 000BFA75184738C3006FB821 /* CoreData.framework */; };
		000BFA7C184738C3006FB821 /* InfoPlist.strings in Resources */ = {isa = PBXBuildFile; fileRef = 000BFA7A184738C3006FB821 /* InfoPlist.strings */; };
		000BFA7E184738C3006FB821 /* main.m in Sources */ = {isa = PBXBuildFile; fileRef = 000BFA7D184738C3006FB821 /* main.m */; };
		000BFA82184738C4006FB821 /* BIDAppDelegate.m in Sources */ = {isa = PBXBuildFile; fileRef = 000BFA81184738C4006FB821 /* BIDAppDelegate.m */; };
		000BFA85184738C4006FB821 /* iOS5_Chapter6.xcdatamodeld in Sources */ = {isa = PBXBuildFile; fileRef = 000BFA83184738C4006FB821 /* iOS5_Chapter6.xcdatamodeld */; };
/* End PBXBuildFile section */

/* Begin PBXFileReference section */
		000BFA6B184738C3006FB821 /* iOS5_Chapter6.app */ = {isa = PBXFileReference; explicitFileType = wrapper.application; includeInIndex = 0; path = iOS5_Chapter6.app; sourceTree = BUILT_PRODUCTS_DIR; };
		000BFA6F184738C3006FB821 /* UIKit.framework */ = {isa = PBXFileReference; lastKnownFileType = wrapper.framework; name = UIKit.framework; path = System/Library/Frameworks/UIKit.framework; sourceTree = SDKROOT; };
		000BFA71184738C3006FB821 /* Foundation.framework */ = {isa = PBXFileReference; lastKnownFileType = wrapper.framework; name = Foundation.framework; path = System/Library/Frameworks/Foundation.framework; sourceTree = SDKROOT; };
		000BFA73184738C3006FB821 /* CoreGraphics.framework */ = {isa = PBXFileReference; lastKnownFileType = wrapper.framework; name = CoreGraphics.framework; path = System/Library/Frameworks/CoreGraphics.framework; sourceTree = SDKROOT; };
		000BFA75184738C3006FB821 /* CoreData.framework */ = {isa = PBXFileReference; lastKnownFileType = wrapper.framework; name = CoreData.framework; path = System/Library/Frameworks/CoreData.framework; sourceTree = SDKROOT; };
		000BFA79184738C3006FB821 /* iOS5_Chapter6-Info.plist */ = {isa = PBXFileReference; path = "iOS5_Chapter6-Info.plist"; sourceTree = "<group>"; };
		000BFA7B184738C3006FB821 /* en */ = {isa = PBXFileReference; lastKnownFileType = text.plist.strings; name = en; path = en.lproj/InfoPlist.strings; sourceTree = "<group>"; };
		000BFA7D184738C3006FB821 /* main.m */ = {isa = PBXFileReference; lastKnownFileType = sourcecode.c.objc; path = main.m; sourceTree = "<group>"; };
		000BFA7F184738C3006FB821 /* iOS5_Chapter6-Prefix.pch */ = {isa = PBXFileReference; path = "iOS5_Chapter6-Prefix.pch"; sourceTree = "<group>"; };
		000BFA80184738C4006FB821 /* BIDAppDelegate.h */ = {isa = PBXFileReference; path = BIDAppDelegate.h; sourceTree = "<group>"; };
		000BFA81184738C4006FB821 /* BIDAppDelegate.m */ = {isa = PBXFileReference; lastKnownFileType = sourcecode.c.objc; path = BIDAppDelegate.m; sourceTree = "<group>"; };
		000BFA84184738C4006FB821 /* iOS5_Chapter6.xcdatamodel */ = {isa = PBXFileReference; lastKnownFileType = wrapper.xcdatamodel; path = iOS5_Chapter6.xcdatamodel; sourceTree = "<group>"; };
/* End PBXFileReference section */

/* Begin PBXFrameworksBuildPhase section */
		000BFA68184738C3006FB821 /* Frameworks */ = {
			isa = PBXFrameworksBuildPhase;
			buildActionMask = 2147483647;
			files = (
				000BFA70184738C3006FB821 /* UIKit.framework in Frameworks */,
				000BFA72184738C3006FB821 /* Foundation.framework in Frameworks */,
				000BFA74184738C3006FB821 /* CoreGraphics.framework in Frameworks */,
				000BFA76184738C3006FB821 /* CoreData.framework in Frameworks */,
			);
			runOnlyForDeploymentPostprocessing = 0;
		};
/* End PBXFrameworksBuildPhase section */

/* Begin PBXGroup section */
		000BFA60184738C3006FB821 = {
			isa = PBXGroup;
			children = (
				000BFA77184738C3006FB821 /* iOS5_Chapter6 */,
				000BFA6E184738C3006FB821 /* Frameworks */,
				000BFA6C184738C3006FB821 /* Products */,
			);
			sourceTree = "<group>";
		};
		000BFA6C184738C3006FB821 /* Products */ = {
			isa = PBXGroup;
			children = (
				000BFA6B184738C3006FB821 /* iOS5_Chapter6.app */,
			);
			name = Products;
			sourceTree = "<group>";
		};
		000BFA6E184738C3006FB821 /* Frameworks */ = {
			isa = PBXGroup;
			children = (
				000BFA6F184738C3006FB821 /* UIKit.framework */,
				000BFA71184738C3006FB821 /* Foundation.framework */,
				000BFA73184738C3006FB821 /* CoreGraphics.framework */,
				000BFA75184738C3006FB821 /* CoreData.framework */,
			);
			name = Frameworks;
			sourceTree = "<group>";
		};
		000BFA77184738C3006FB821 /* iOS5_Chapter6 */ = {
			isa = PBXGroup;
			children = (
				000BFA80184738C4006FB821 /* BIDAppDelegate.h */,
				000BFA81184738C4006FB821 /* BIDAppDelegate.m */,
				000BFA83184738C4006FB821 /* iOS5_Chapter6.xcdatamodeld */,
				000BFA78184738C3006FB821 /* Supporting Files */,
			);
			path = iOS5_Chapter6;
			sourceTree = "<group>";
		};
		000BFA78184738C3006FB821 /* Supporting Files */ = {
			isa = PBXGroup;
			children = (
				000BFA79184738C3006FB821 /* iOS5_Chapter6-Info.plist */,
				000BFA7A184738C3006FB821 /* InfoPlist.strings */,
				000BFA7D184738C3006FB821 /* main.m */,
				000BFA7F184738C3006FB821 /* iOS5_Chapter6-Prefix.pch */,
			);
			name = "Supporting Files";
			sourceTree = "<group>";
		};
/* End PBXGroup section */

/* Begin PBXNativeTarget section */
		000BFA6A184738C3006FB821 /* iOS5_Chapter6 */ = {
			isa = PBXNativeTarget;
			buildConfigurationList = 000BFA88184738C4006FB821 /* Build configuration list for PBXNativeTarget "iOS5_Chapter6" */;
			buildPhases = (
				000BFA67184738C3006FB821 /* Sources */,
				000BFA68184738C3006FB821 /* Frameworks */,
				000BFA69184738C3006FB821 /* Resources */,
			);
			buildRules = (
			);
			dependencies = (
			);
			name = iOS5_Chapter6;
			productName = iOS5_Chapter6;
			productReference = 000BFA6B184738C3006FB821 /* iOS5_Chapter6.app */;
			productType = "com.apple.product-type.application";
		};
/* End PBXNativeTarget section */

/* Begin PBXProject section */
		000BFA62184738C3006FB821 /* Project object */ = {
			isa = PBXProject;
			attributes = {
				LastUpgradeCheck = 0420;
			};
			buildConfigurationList = 000BFA65184738C3006FB821 /* Build configuration list for PBXProject "iOS5_Chapter6" */;
			compatibilityVersion = "Xcode 3.2";
			developmentRegion = English;
			hasScannedForEncodings = 0;
			knownRegions = (
				en,
			);
			mainGroup = 000BFA60184738C3006FB821;
			productRefGroup = 000BFA6C184738C3006FB821 /* Products */;
			projectDirPath = "";
			projectRoot = "";
			targets = (
				000BFA6A184738C3006FB821 /* iOS5_Chapter6 */,
			);
		};
/* End PBXProject section */

/* Begin PBXResourcesBuildPhase section */
		000BFA69184738C3006FB821 /* Resources */ = {
			isa = PBXResourcesBuildPhase;
			buildActionMask = 2147483647;
			files = (
				000BFA7C184738C3006FB821 /* InfoPlist.strings in Resources */,
			);
			runOnlyForDeploymentPostprocessing = 0;
		};
/* End PBXResourcesBuildPhase section */

/* Begin PBXSourcesBuildPhase section */
		000BFA67184738C3006FB821 /* Sources */ = {
			isa = PBXSourcesBuildPhase;
			buildActionMask = 2147483647;
			files = (
				000BFA7E184738C3006FB821 /* main.m in Sources */,
				000BFA82184738C4006FB821 /* BIDAppDelegate.m in Sources */,
				000BFA85184738C4006FB821 /* iOS5_Chapter6.xcdatamodeld in Sources */,
			);
			runOnlyForDeploymentPostprocessing = 0;
		};
/* End PBXSourcesBuildPhase section */

/* Begin PBXVariantGroup section */
		000BFA7A184738C3006FB821 /* InfoPlist.strings */ = {
			isa = PBXVariantGroup;
			children = (
				000BFA7B184738C3006FB821 /* en */,
			);
			name = InfoPlist.strings;
			sourceTree = "<group>";
		};
/* End PBXVariantGroup section */

/* Begin XCBuildConfiguration section */
		000BFA86184738C4006FB821 /* Debug */ = {
			isa = XCBuildConfiguration;
			buildSettings = {
				ALWAYS_SEARCH_USER_PATHS = NO;
				ARCHS = "$(ARCHS_STANDARD_32_BIT)";
				CLANG_ENABLE_OBJC_ARC = YES;
				"CODE_SIGN_IDENTITY[sdk=iphoneos*]" = "iPhone Developer";
				COPY_PHASE_STRIP = NO;
				GCC_C_LANGUAGE_STANDARD = gnu99;
				GCC_DYNAMIC_NO_PIC = NO;
				GCC_OPTIMIZATION_LEVEL = 0;
				GCC_PREPROCESSOR_DEFINITIONS = (
					"DEBUG=1",
					"$(inherited)",
				);
				GCC_SYMBOLS_PRIVATE_EXTERN = NO;
				GCC_VERSION = com.apple.compilers.llvm.clang.1_0;
				GCC_WARN_ABOUT_MISSING_PROTOTYPES = YES;
				GCC_WARN_ABOUT_RETURN_TYPE = YES;
				GCC_WARN_UNUSED_VARIABLE = YES;
				IPHONEOS_DEPLOYMENT_TARGET = 5.0;
				SDKROOT = iphoneos;
			};
			name = Debug;
		};
		000BFA87184738C4006FB821 /* Release */ = {
			isa = XCBuildConfiguration;
			buildSettings = {
				ALWAYS_SEARCH_USER_PATHS = NO;
				ARCHS = "$(ARCHS_STANDARD_32_BIT)";
				CLANG_ENABLE_OBJC_ARC = YES;
				"CODE_SIGN_IDENTITY[sdk=iphoneos*]" = "iPhone Developer";
				COPY_PHASE_STRIP = YES;
				GCC_C_LANGUAGE_STANDARD = gnu99;
				GCC_VERSION = com.apple.compilers.llvm.clang.1_0;
				GCC_WARN_ABOUT_MISSING_PROTOTYPES = YES;
				GCC_WARN_ABOUT_RETURN_TYPE = YES;
				GCC_WARN_UNUSED_VARIABLE = YES;
				IPHONEOS_DEPLOYMENT_TARGET = 5.0;
				OTHER_CFLAGS = "-DNS_BLOCK_ASSERTIONS=1";
				SDKROOT = iphoneos;
				VALIDATE_PRODUCT = YES;
			};
			name = Release;
		};
		000BFA89184738C4006FB821 /* Debug */ = {
			isa = XCBuildConfiguration;
			buildSettings = {
				GCC_PRECOMPILE_PREFIX_HEADER = YES;
				GCC_PREFIX_HEADER = "iOS5_Chapter6/iOS5_Chapter6-Prefix.pch";
				INFOPLIST_FILE = "iOS5_Chapter6/iOS5_Chapter6-Info.plist";
				PRODUCT_NAME = "$(TARGET_NAME)";
				WRAPPER_EXTENSION = app;
			};
			name = Debug;
		};
		000BFA8A184738C4006FB821 /* Release */ = {
			isa = XCBuildConfiguration;
			buildSettings = {
				GCC_PRECOMPILE_PREFIX_HEADER = YES;
				GCC_PREFIX_HEADER = "iOS5_Chapter6/iOS5_Chapter6-Prefix.pch";
				INFOPLIST_FILE = "iOS5_Chapter6/iOS5_Chapter6-Info.plist";
				PRODUCT_NAME = "$(TARGET_NAME)";
				WRAPPER_EXTENSION = app;
			};
			name = Release;
		};
/* End XCBuildConfiguration section */

/* Begin XCConfigurationList section */
		000BFA65184738C3006FB821 /* Build configuration list for PBXProject "iOS5_Chapter6" */ = {
			isa = XCConfigurationList;
			buildConfigurations = (
				000BFA86184738C4006FB821 /* Debug */,
				000BFA87184738C4006FB821 /* Release */,
			);
			defaultConfigurationIsVisible = 0;
			defaultConfigurationName = Release;
		};
		000BFA88184738C4006FB821 /* Build configuration list for PBXNativeTarget "iOS5_Chapter6" */ = {
			isa = XCConfigurationList;
			buildConfigurations = (
				000BFA89184738C4006FB821 /* Debug */,
				000BFA8A184738C4006FB821 /* Release */,
			);
			defaultConfigurationIsVisible = 0;
		};
/* End XCConfigurationList section */

/* Begin XCVersionGroup section */
		000BFA83184738C4006FB821 /* iOS5_Chapter6.xcdatamodeld */ = {
			isa = XCVersionGroup;
			children = (
				000BFA84184738C4006FB821 /* iOS5_Chapter6.xcdatamodel */,
			);
			currentVersion = 000BFA84184738C4006FB821 /* iOS5_Chapter6.xcdatamodel */;
			path = iOS5_Chapter6.xcdatamodeld;
			sourceTree = "<group>";
			versionGroupType = wrapper.xcdatamodel;
		};
/* End XCVersionGroup section */
	};
	rootObject = 000BFA62184738C3006FB821 /* Project object */;
}
